
Microsoft Visual Studio Solution File, Format Version 12.00
# Visual Studio Version 17
VisualStudioVersion = 17.0.31903.59
MinimumVisualStudioVersion = 10.0.40219.1
Project("{FAE04EC0-301F-11D3-BF4B-00C04F79EFBC}") = "AppProject", "AppProject\AppProject.csproj", "{176E038D-FE6D-483D-B872-F8931AAC7207}"
EndProject
Project("{FAE04EC0-301F-11D3-BF4B-00C04F79EFBC}") = "Data", "Data\Data.csproj", "{CDEA5155-E938-49FF-AFAE-230C2D644F8C}"
EndProject
Project("{FAE04EC0-301F-11D3-BF4B-00C04F79EFBC}") = "Business", "Business\Business.csproj", "{32B76697-6298-47BF-9074-D2279F7D3A18}"
EndProject
Project("{FAE04EC0-301F-11D3-BF4B-00C04F79EFBC}") = "Domain", "Domain\Domain.csproj", "{0BB9C75E-8313-4BFE-9EAD-3C513606D3BE}"
EndProject
Global
	GlobalSection(SolutionConfigurationPlatforms) = preSolution
		Debug|Any CPU = Debug|Any CPU
		Debug|x64 = Debug|x64
		Debug|x86 = Debug|x86
		Release|Any CPU = Release|Any CPU
		Release|x64 = Release|x64
		Release|x86 = Release|x86
	EndGlobalSection
	GlobalSection(ProjectConfigurationPlatforms) = postSolution
		{176E038D-FE6D-483D-B872-F8931AAC7207}.Debug|Any CPU.ActiveCfg = Debug|Any CPU
		{176E038D-FE6D-483D-B872-F8931AAC7207}.Debug|Any CPU.Build.0 = Debug|Any CPU
		{176E038D-FE6D-483D-B872-F8931AAC7207}.Debug|x64.ActiveCfg = Debug|Any CPU
		{176E038D-FE6D-483D-B872-F8931AAC7207}.Debug|x64.Build.0 = Debug|Any CPU
		{176E038D-FE6D-483D-B872-F8931AAC7207}.Debug|x86.ActiveCfg = Debug|Any CPU
		{176E038D-FE6D-483D-B872-F8931AAC7207}.Debug|x86.Build.0 = Debug|Any CPU
		{176E038D-FE6D-483D-B872-F8931AAC7207}.Release|Any CPU.ActiveCfg = Release|Any CPU
		{176E038D-FE6D-483D-B872-F8931AAC7207}.Release|Any CPU.Build.0 = Release|Any CPU
		{176E038D-FE6D-483D-B872-F8931AAC7207}.Release|x64.ActiveCfg = Release|Any CPU
		{176E038D-FE6D-483D-B872-F8931AAC7207}.Release|x64.Build.0 = Release|Any CPU
		{176E038D-FE6D-483D-B872-F8931AAC7207}.Release|x86.ActiveCfg = Release|Any CPU
		{176E038D-FE6D-483D-B872-F8931AAC7207}.Release|x86.Build.0 = Release|Any CPU
		{CDEA5155-E938-49FF-AFAE-230C2D644F8C}.Debug|Any CPU.ActiveCfg = Debug|Any CPU
		{CDEA5155-E938-49FF-AFAE-230C2D644F8C}.Debug|Any CPU.Build.0 = Debug|Any CPU
		{CDEA5155-E938-49FF-AFAE-230C2D644F8C}.Debug|x64.ActiveCfg = Debug|Any CPU
		{CDEA5155-E938-49FF-AFAE-230C2D644F8C}.Debug|x64.Build.0 = Debug|Any CPU
		{CDEA5155-E938-49FF-AFAE-230C2D644F8C}.Debug|x86.ActiveCfg = Debug|Any CPU
		{CDEA5155-E938-49FF-AFAE-230C2D644F8C}.Debug|x86.Build.0 = Debug|Any CPU
		{CDEA5155-E938-49FF-AFAE-230C2D644F8C}.Release|Any CPU.ActiveCfg = Release|Any CPU
		{CDEA5155-E938-49FF-AFAE-230C2D644F8C}.Release|Any CPU.Build.0 = Release|Any CPU
		{CDEA5155-E938-49FF-AFAE-230C2D644F8C}.Release|x64.ActiveCfg = Release|Any CPU
		{CDEA5155-E938-49FF-AFAE-230C2D644F8C}.Release|x64.Build.0 = Release|Any CPU
		{CDEA5155-E938-49FF-AFAE-230C2D644F8C}.Release|x86.ActiveCfg = Release|Any CPU
		{CDEA5155-E938-49FF-AFAE-230C2D644F8C}.Release|x86.Build.0 = Release|Any CPU
		{32B76697-6298-47BF-9074-D2279F7D3A18}.Debug|Any CPU.ActiveCfg = Debug|Any CPU
		{32B76697-6298-47BF-9074-D2279F7D3A18}.Debug|Any CPU.Build.0 = Debug|Any CPU
		{32B76697-6298-47BF-9074-D2279F7D3A18}.Debug|x64.ActiveCfg = Debug|Any CPU
		{32B76697-6298-47BF-9074-D2279F7D3A18}.Debug|x64.Build.0 = Debug|Any CPU
		{32B76697-6298-47BF-9074-D2279F7D3A18}.Debug|x86.ActiveCfg = Debug|Any CPU
		{32B76697-6298-47BF-9074-D2279F7D3A18}.Debug|x86.Build.0 = Debug|Any CPU
		{32B76697-6298-47BF-9074-D2279F7D3A18}.Release|Any CPU.ActiveCfg = Release|Any CPU
		{32B76697-6298-47BF-9074-D2279F7D3A18}.Release|Any CPU.Build.0 = Release|Any CPU
		{32B76697-6298-47BF-9074-D2279F7D3A18}.Release|x64.ActiveCfg = Release|Any CPU
		{32B76697-6298-47BF-9074-D2279F7D3A18}.Release|x64.Build.0 = Release|Any CPU
		{32B76697-6298-47BF-9074-D2279F7D3A18}.Release|x86.ActiveCfg = Release|Any CPU
		{32B76697-6298-47BF-9074-D2279F7D3A18}.Release|x86.Build.0 = Release|Any CPU
		{0BB9C75E-8313-4BFE-9EAD-3C513606D3BE}.Debug|Any CPU.ActiveCfg = Debug|Any CPU
		{0BB9C75E-8313-4BFE-9EAD-3C513606D3BE}.Debug|Any CPU.Build.0 = Debug|Any CPU
		{0BB9C75E-8313-4BFE-9EAD-3C513606D3BE}.Debug|x64.ActiveCfg = Debug|Any CPU
		{0BB9C75E-8313-4BFE-9EAD-3C513606D3BE}.Debug|x64.Build.0 = Debug|Any CPU
		{0BB9C75E-8313-4BFE-9EAD-3C513606D3BE}.Debug|x86.ActiveCfg = Debug|Any CPU
		{0BB9C75E-8313-4BFE-9EAD-3C513606D3BE}.Debug|x86.Build.0 = Debug|Any CPU
		{0BB9C75E-8313-4BFE-9EAD-3C513606D3BE}.Release|Any CPU.ActiveCfg = Release|Any CPU
		{0BB9C75E-8313-4BFE-9EAD-3C513606D3BE}.Release|Any CPU.Build.0 = Release|Any CPU
		{0BB9C75E-8313-4BFE-9EAD-3C513606D3BE}.Release|x64.ActiveCfg = Release|Any CPU
		{0BB9C75E-8313-4BFE-9EAD-3C513606D3BE}.Release|x64.Build.0 = Release|Any CPU
		{0BB9C75E-8313-4BFE-9EAD-3C513606D3BE}.Release|x86.ActiveCfg = Release|Any CPU
		{0BB9C75E-8313-4BFE-9EAD-3C513606D3BE}.Release|x86.Build.0 = Release|Any CPU
	EndGlobalSection
	GlobalSection(SolutionProperties) = preSolution
		HideSolutionNode = FALSE
	EndGlobalSection
EndGlobal
